# This file is automatically @generated by Cargo.
# It is not intended for manual editing.
version = 4

[[package]]
name = "bitflags"
version = "2.11.0"
source = "registry+https://github.com/rust-lang/crates.io-index"
checksum = "843867be96c8daad0d758b57df9392b6d8d271134fce549de6ce169ff98a92af"

[[package]]
name = "exo-crypto-server"
version = "0.1.0"
dependencies = [
 "spin",
]

[[package]]
name = "exo-device-server"
version = "0.1.0"
dependencies = [
 "spin",
]

[[package]]
name = "exo-exo-shield"
version = "0.1.0"
dependencies = [
 "spin",
]

[[package]]
name = "exo-init-server"
version = "0.1.0"
dependencies = [
 "spin",
]

[[package]]
name = "exo-ipc-router"
version = "0.1.0"
dependencies = [
 "spin",
]

[[package]]
name = "exo-memory-server"
version = "0.1.0"
dependencies = [
 "spin",
]

[[package]]
name = "exo-network-server"
version = "0.1.0"
dependencies = [
 "spin",
]

[[package]]
name = "exo-os-kernel"
version = "0.1.0"
dependencies = [
 "bitflags",
 "spin",
]

[[package]]
name = "exo-scheduler-server"
version = "0.1.0"
dependencies = [
 "spin",
]

[[package]]
name = "spin"
version = "0.9.8"
source = "registry+https://github.com/rust-lang/crates.io-index"
checksum = "6980e8d7511241f8acf4aebddbb1ff938df5eebe98691418c4468d0b72a96a67"
